{
  "name": "Project 360 VR-Tour",
  "lockfileVersion": 2,
  "requires": true,
  "packages": {
    "": {
      "dependencies": {
        "@photo-sphere-viewer/core": "^5.1.2"
      }
    },
    "node_modules/@photo-sphere-viewer/core": {
      "version": "5.1.2",
      "resolved": "https://registry.npmjs.org/@photo-sphere-viewer/core/-/core-5.1.2.tgz",
      "integrity": "sha512-jbkJS9A3YFaMYS8Er9RpPo0ICHwLcmdFBYYyczdYapx8hzIV6AkFLZ+DFIaV9970801//TtyR4f8SaKQ4eYqvw==",
      "dependencies": {
        "three": "^0.150.1"
      }
    },
    "node_modules/three": {
      "version": "0.150.1",
      "resolved": "https://registry.npmjs.org/three/-/three-0.150.1.tgz",
      "integrity": "sha512-5C1MqKUWaHYo13BX0Q64qcdwImgnnjSOFgBscOzAo8MYCzEtqfQqorEKMcajnA3FHy1yVlIe9AmaMQ0OQracNA=="
    }
  },
  "dependencies": {
    "@photo-sphere-viewer/core": {
      "version": "5.1.2",
      "resolved": "https://registry.npmjs.org/@photo-sphere-viewer/core/-/core-5.1.2.tgz",
      "integrity": "sha512-jbkJS9A3YFaMYS8Er9RpPo0ICHwLcmdFBYYyczdYapx8hzIV6AkFLZ+DFIaV9970801//TtyR4f8SaKQ4eYqvw==",
      "requires": {
        "three": "^0.150.1"
      }
    },
    "three": {
      "version": "0.150.1",
      "resolved": "https://registry.npmjs.org/three/-/three-0.150.1.tgz",
      "integrity": "sha512-5C1MqKUWaHYo13BX0Q64qcdwImgnnjSOFgBscOzAo8MYCzEtqfQqorEKMcajnA3FHy1yVlIe9AmaMQ0OQracNA=="
    }
  }
}
