# THIS IS AN AUTOGENERATED FILE. DO NOT EDIT THIS FILE DIRECTLY.
# yarn lockfile v1


"@photo-sphere-viewer/core@^5.1.2":
  version "5.1.2"
  resolved "https://registry.yarnpkg.com/@photo-sphere-viewer/core/-/core-5.1.2.tgz#0e8f55198c2b5f7104b5ca607427e08def9613a1"
  integrity sha512-jbkJS9A3YFaMYS8Er9RpPo0ICHwLcmdFBYYyczdYapx8hzIV6AkFLZ+DFIaV9970801//TtyR4f8SaKQ4eYqvw==
  dependencies:
    three "^0.150.1"

three@^0.150.1:
  version "0.150.1"
  resolved "https://registry.yarnpkg.com/three/-/three-0.150.1.tgz#870d324a4d2daf1c7d55be97f3f73d83783e28be"
  integrity sha512-5C1MqKUWaHYo13BX0Q64qcdwImgnnjSOFgBscOzAo8MYCzEtqfQqorEKMcajnA3FHy1yVlIe9AmaMQ0OQracNA==
